# THIS IS AN AUTOGENERATED FILE. DO NOT EDIT THIS FILE DIRECTLY.
# yarn lockfile v1


"@gauravcodes/prettier-config@^1.0.0":
  version "1.0.0"
  resolved "https://registry.yarnpkg.com/@gauravcodes/prettier-config/-/prettier-config-1.0.0.tgz#d4f597b1cd3dfc5b7288335cf9cb7e83086f9b9b"
  integrity sha512-rTd6IaorV+Whbe56k7rIAxO14vEMYEgUjZgwNLoxghDJLwH+O2K0Lj1atLODffUCyflw6+afuxUBl82RyV4Jiw==

prettier@^2.6.2:
  version "2.6.2"
  resolved "https://registry.yarnpkg.com/prettier/-/prettier-2.6.2.tgz#e26d71a18a74c3d0f0597f55f01fb6c06c206032"
  integrity sha512-PkUpF+qoXTqhOeWL9fu7As8LXsIUZ1WYaJiY/a7McAQzxjk82OF0tibkFXVCDImZtWxbvojFjerkiLb0/q8mew==
